<?xml version="1.0" encoding="utf-8"?>
<Project ToolsVersion="4.0" xmlns="http://schemas.microsoft.com/developer/msbuild/2003">
  <ItemGroup>
    <Filter Include="Source Files">
      <UniqueIdentifier>{4FC737F1-C7A5-4376-A066-2A32D752A2FF}</UniqueIdentifier>
      <Extensions>cpp;c;cc;cxx;c++;cppm;ixx;def;odl;idl;hpj;bat;asm;asmx</Extensions>
    </Filter>
    <Filter Include="Header Files">
      <UniqueIdentifier>{93995380-89BD-4b04-88EB-625FBE52EBFB}</UniqueIdentifier>
      <Extensions>h;hh;hpp;hxx;h++;hm;inl;inc;ipp;xsd</Extensions>
    </Filter>
    <Filter Include="Resource Files">
      <UniqueIdentifier>{67DA6AB6-F800-4c08-8B7A-83BB121AAD01}</UniqueIdentifier>
      <Extensions>rc;ico;cur;bmp;dlg;rc2;rct;bin;rgs;gif;jpg;jpeg;jpe;resx;tiff;tif;png;wav;mfcribbon-ms</Extensions>
    </Filter>
    <Filter Include="Source Files\functionhooks">
      <UniqueIdentifier>{bc7035d1-0590-461d-b63b-933e56afa0c2}</UniqueIdentifier>
    </Filter>
    <Filter Include="Header Files\functionhooks">
      <UniqueIdentifier>{4edc2238-f80c-4685-9440-2cd7e0a531d1}</UniqueIdentifier>
    </Filter>
    <Filter Include="Header Files\ModLoader">
      <UniqueIdentifier>{e7ce0d2e-5e0d-4584-9fea-4c1fe0a897a4}</UniqueIdentifier>
    </Filter>
    <Filter Include="Source Files\ModLoader">
      <UniqueIdentifier>{e9263788-43b6-494c-a729-b9a6142ac760}</UniqueIdentifier>
    </Filter>
  </ItemGroup>
  <ItemGroup>
    <ClInclude Include="framework.h">
      <Filter>Header Files</Filter>
    </ClInclude>
    <ClInclude Include="pch.h">
      <Filter>Header Files</Filter>
    </ClInclude>
    <ClInclude Include="dllmain.h">
      <Filter>Header Files</Filter>
    </ClInclude>
    <ClInclude Include="ZombiStructs.h">
      <Filter>Header Files</Filter>
    </ClInclude>
    <ClInclude Include="OnPlayerDamage.h">
      <Filter>Header Files\functionhooks</Filter>
    </ClInclude>
    <ClInclude Include="utility.h">
      <Filter>Header Files\functionhooks</Filter>
    </ClInclude>
    <ClInclude Include="OnZombieDamage.h">
      <Filter>Header Files\functionhooks</Filter>
    </ClInclude>
    <ClInclude Include="functionhooks.h">
      <Filter>Header Files\functionhooks</Filter>
    </ClInclude>
    <ClInclude Include="OnPlayerTick.h">
      <Filter>Header Files\functionhooks</Filter>
    </ClInclude>
    <ClInclude Include="ModLoader.h">
      <Filter>Header Files\ModLoader</Filter>
    </ClInclude>
    <ClInclude Include="OnFlashLightDrain.h">
      <Filter>Header Files\functionhooks</Filter>
    </ClInclude>
    <ClInclude Include="OnFlashLightGain.h">
      <Filter>Header Files\functionhooks</Filter>
    </ClInclude>
    <ClInclude Include="OnWeaponFire.h">
      <Filter>Header Files\functionhooks</Filter>
    </ClInclude>
  </ItemGroup>
  <ItemGroup>
    <ClCompile Include="dllmain.cpp">
      <Filter>Source Files</Filter>
    </ClCompile>
    <ClCompile Include="pch.cpp">
      <Filter>Source Files</Filter>
    </ClCompile>
    <ClCompile Include="ZombiStructs.cpp">
      <Filter>Source Files</Filter>
    </ClCompile>
    <ClCompile Include="utility.cpp">
      <Filter>Source Files\functionhooks</Filter>
    </ClCompile>
    <ClCompile Include="OnZombieDamage.cpp">
      <Filter>Source Files\functionhooks</Filter>
    </ClCompile>
    <ClCompile Include="OnPlayerTick.cpp">
      <Filter>Source Files\functionhooks</Filter>
    </ClCompile>
    <ClCompile Include="ModLoader.cpp">
      <Filter>Source Files\ModLoader</Filter>
    </ClCompile>
    <ClCompile Include="OnFlashLightDrain.cpp">
      <Filter>Source Files\functionhooks</Filter>
    </ClCompile>
    <ClCompile Include="OnFlashLightGain.cpp">
      <Filter>Source Files\functionhooks</Filter>
    </ClCompile>
    <ClCompile Include="OnWeaponFire.cpp">
      <Filter>Source Files\functionhooks</Filter>
    </ClCompile>
    <ClCompile Include="OnPlayerDamage.cpp">
      <Filter>Source Files\functionhooks</Filter>
    </ClCompile>
  </ItemGroup>
</Project>